
Microsoft Visual Studio Solution File, Format Version 12.00
# Visual Studio 15
VisualStudioVersion = 15.0.28307.645
MinimumVisualStudioVersion = 10.0.40219.1
Project("{FAE04EC0-301F-11D3-BF4B-00C04F79EFBC}") = "NoSplashFor1C", "NoSplashFor1C\NoSplashFor1C.csproj", "{09E950DC-B7C2-4477-BD3E-3F38F857CFA5}"
EndProject
Global
	GlobalSection(SolutionConfigurationPlatforms) = preSolution
		Debug|Any CPU = Debug|Any CPU
		Release|Any CPU = Release|Any CPU
	EndGlobalSection
	GlobalSection(ProjectConfigurationPlatforms) = postSolution
		{09E950DC-B7C2-4477-BD3E-3F38F857CFA5}.Debug|Any CPU.ActiveCfg = Debug|Any CPU
		{09E950DC-B7C2-4477-BD3E-3F38F857CFA5}.Debug|Any CPU.Build.0 = Debug|Any CPU
		{09E950DC-B7C2-4477-BD3E-3F38F857CFA5}.Release|Any CPU.ActiveCfg = Release|Any CPU
		{09E950DC-B7C2-4477-BD3E-3F38F857CFA5}.Release|Any CPU.Build.0 = Release|Any CPU
	EndGlobalSection
	GlobalSection(SolutionProperties) = preSolution
		HideSolutionNode = FALSE
	EndGlobalSection
	GlobalSection(ExtensibilityGlobals) = postSolution
		SolutionGuid = {08F03738-E91E-40F6-A6BF-311B7E13C5D5}
	EndGlobalSection
EndGlobal
